<?xml version="1.0" encoding="utf-8"?>
<Project ToolsVersion="4.0" xmlns="http://schemas.microsoft.com/developer/msbuild/2003">
  <ItemGroup>
    <Filter Include="源文件">
      <UniqueIdentifier>{4FC737F1-C7A5-4376-A066-2A32D752A2FF}</UniqueIdentifier>
      <Extensions>cpp;c;cc;cxx;def;odl;idl;hpj;bat;asm;asmx</Extensions>
    </Filter>
    <Filter Include="头文件">
      <UniqueIdentifier>{93995380-89BD-4b04-88EB-625FBE52EBFB}</UniqueIdentifier>
      <Extensions>h;hpp;hxx;hm;inl;inc;xsd</Extensions>
    </Filter>
    <Filter Include="资源文件">
      <UniqueIdentifier>{67DA6AB6-F800-4c08-8B7A-83BB121AAD01}</UniqueIdentifier>
      <Extensions>rc;ico;cur;bmp;dlg;rc2;rct;bin;rgs;gif;jpg;jpeg;jpe;resx;tiff;tif;png;wav;mfcribbon-ms</Extensions>
    </Filter>
  </ItemGroup>
  <ItemGroup>
    <None Include="..\..\src\ReadMe.txt" />
    <None Include="..\..\src\res\Recorder_Example.rc2">
      <Filter>资源文件</Filter>
    </None>
    <None Include="..\..\src\ASR_Recorder_Example.aps" />
    <None Include="..\..\src\res\robotHIT.ico">
      <Filter>资源文件</Filter>
    </None>
    <None Include="..\..\..\开始导航按钮.bmp">
      <Filter>资源文件</Filter>
    </None>
    <None Include="..\..\..\开始讲解按钮.bmp">
      <Filter>资源文件</Filter>
    </None>
    <None Include="..\..\..\background.bmp">
      <Filter>资源文件</Filter>
    </None>
    <None Include="res\eye.bmp">
      <Filter>资源文件</Filter>
    </None>
    <None Include="..\..\src\res\eye.bmp">
      <Filter>资源文件</Filter>
    </None>
    <None Include="res\HIT.bmp">
      <Filter>资源文件</Filter>
    </None>
    <None Include="..\..\src\res\HIT.bmp">
      <Filter>资源文件</Filter>
    </None>
    <None Include="res\shiyanshi.bmp">
      <Filter>资源文件</Filter>
    </None>
    <None Include="..\..\src\res\shiyanshi.bmp">
      <Filter>资源文件</Filter>
    </None>
    <None Include="..\..\src\res\background.bmp">
      <Filter>资源文件</Filter>
    </None>
    <None Include="..\..\..\机器人界面（1）\博物馆.bmp">
      <Filter>资源文件</Filter>
    </None>
    <None Include="ClassDiagram1.cd" />
    <None Include="..\..\src\res\Untitled.smf">
      <Filter>资源文件</Filter>
    </None>
    <None Include="..\..\..\机器人界面（1）\博物馆2.bmp">
      <Filter>资源文件</Filter>
    </None>
    <None Include="..\..\..\机器人界面（1）\交互暂停.bmp">
      <Filter>资源文件</Filter>
    </None>
    <None Include="..\..\..\机器人界面（1）\开始说话.bmp">
      <Filter>资源文件</Filter>
    </None>
    <None Include="res\返回.bmp">
      <Filter>资源文件</Filter>
    </None>
    <None Include="..\..\src\res\返回.bmp">
      <Filter>资源文件</Filter>
    </None>
    <None Include="..\..\src\res\上.bmp">
      <Filter>资源文件</Filter>
    </None>
    <None Include="..\..\src\res\下.bmp">
      <Filter>资源文件</Filter>
    </None>
    <None Include="..\..\src\res\右.bmp">
      <Filter>资源文件</Filter>
    </None>
    <None Include="..\..\src\res\左.bmp">
      <Filter>资源文件</Filter>
    </None>
    <None Include="..\..\src\res\交互暂停.bmp">
      <Filter>资源文件</Filter>
    </None>
    <None Include="..\..\src\res\博物馆.bmp">
      <Filter>资源文件</Filter>
    </None>
    <None Include="..\..\src\res\博物馆2.bmp">
      <Filter>资源文件</Filter>
    </None>
    <None Include="..\..\src\res\开始说话.bmp">
      <Filter>资源文件</Filter>
    </None>
    <None Include="res\介绍.bmp">
      <Filter>资源文件</Filter>
    </None>
    <None Include="res\路线A.bmp">
      <Filter>资源文件</Filter>
    </None>
    <None Include="res\路线B.bmp">
      <Filter>资源文件</Filter>
    </None>
    <None Include="res\路线C.bmp">
      <Filter>资源文件</Filter>
    </None>
    <None Include="res\退出.bmp">
      <Filter>资源文件</Filter>
    </None>
    <None Include="res\语音交互.bmp">
      <Filter>资源文件</Filter>
    </None>
    <None Include="res\暂停.bmp">
      <Filter>资源文件</Filter>
    </None>
    <None Include="res\子界面暂停.bmp">
      <Filter>资源文件</Filter>
    </None>
    <None Include="res\自动导航.bmp">
      <Filter>资源文件</Filter>
    </None>
    <None Include="..\..\src\res\介绍.bmp">
      <Filter>资源文件</Filter>
    </None>
    <None Include="..\..\src\res\路线A.bmp">
      <Filter>资源文件</Filter>
    </None>
    <None Include="..\..\src\res\路线B.bmp">
      <Filter>资源文件</Filter>
    </None>
    <None Include="..\..\src\res\路线C.bmp">
      <Filter>资源文件</Filter>
    </None>
    <None Include="..\..\src\res\退出.bmp">
      <Filter>资源文件</Filter>
    </None>
    <None Include="..\..\src\res\语音交互.bmp">
      <Filter>资源文件</Filter>
    </None>
    <None Include="..\..\src\res\暂停.bmp">
      <Filter>资源文件</Filter>
    </None>
    <None Include="..\..\src\res\子界面暂停.bmp">
      <Filter>资源文件</Filter>
    </None>
    <None Include="..\..\src\res\自动导航.bmp">
      <Filter>资源文件</Filter>
    </None>
    <None Include="ClassDiagram2.cd" />
    <None Include="res\播放.bmp">
      <Filter>资源文件</Filter>
    </None>
    <None Include="..\..\src\res\播放.bmp">
      <Filter>资源文件</Filter>
    </None>
    <None Include="..\..\..\机器人美化2.0\src\res\开始说话.bmp">
      <Filter>资源文件</Filter>
    </None>
  </ItemGroup>
  <ItemGroup>
    <ResourceCompile Include="..\..\src\ASR_Recorder_Example.rc">
      <Filter>资源文件</Filter>
    </ResourceCompile>
  </ItemGroup>
  <ItemGroup>
    <ClCompile Include="..\..\src\ASR_Recorder_Example.cpp">
      <Filter>源文件</Filter>
    </ClCompile>
    <ClCompile Include="..\..\src\ASR_Recorder_ExampleDlg.cpp">
      <Filter>源文件</Filter>
    </ClCompile>
    <ClCompile Include="..\..\src\stdafx.cpp">
      <Filter>源文件</Filter>
    </ClCompile>
    <ClCompile Include="..\..\src\common\AccountInfo.cpp">
      <Filter>源文件</Filter>
    </ClCompile>
    <ClCompile Include="..\..\src\common\CommonTool.cpp">
      <Filter>源文件</Filter>
    </ClCompile>
    <ClCompile Include="..\..\src\common\FileReader.cpp">
      <Filter>源文件</Filter>
    </ClCompile>
    <ClCompile Include="..\..\src\cJSON.cpp">
      <Filter>源文件</Filter>
    </ClCompile>
    <ClCompile Include="..\..\src\Comm_data_motor3.cpp">
      <Filter>源文件</Filter>
    </ClCompile>
    <ClCompile Include="..\..\src\SerialCom.cpp">
      <Filter>源文件</Filter>
    </ClCompile>
    <ClCompile Include="..\..\src\Comm_data_star.cpp">
      <Filter>源文件</Filter>
    </ClCompile>
    <ClCompile Include="..\..\src\UPURG.cpp">
      <Filter>源文件</Filter>
    </ClCompile>
    <ClCompile Include="..\..\src\vfh_algorithm.cpp">
      <Filter>源文件</Filter>
    </ClCompile>
    <ClCompile Include="..\..\src\Plan_Path_VFH.cpp">
      <Filter>源文件</Filter>
    </ClCompile>
    <ClCompile Include="..\..\src\Voice.cpp">
      <Filter>源文件</Filter>
    </ClCompile>
  </ItemGroup>
  <ItemGroup>
    <ClInclude Include="..\..\src\ASR_Recorder_Example.h">
      <Filter>头文件</Filter>
    </ClInclude>
    <ClInclude Include="..\..\src\ASR_Recorder_ExampleDlg.h">
      <Filter>头文件</Filter>
    </ClInclude>
    <ClInclude Include="..\..\src\resource.h">
      <Filter>头文件</Filter>
    </ClInclude>
    <ClInclude Include="..\..\src\stdafx.h">
      <Filter>头文件</Filter>
    </ClInclude>
    <ClInclude Include="..\..\src\common\AccountInfo.h">
      <Filter>头文件</Filter>
    </ClInclude>
    <ClInclude Include="..\..\src\common\CommonTool.h">
      <Filter>头文件</Filter>
    </ClInclude>
    <ClInclude Include="..\..\src\common\FileReader.h">
      <Filter>头文件</Filter>
    </ClInclude>
    <ClInclude Include="..\..\include\hci_tts.h">
      <Filter>头文件</Filter>
    </ClInclude>
    <ClInclude Include="..\..\include\hci_micarray.h">
      <Filter>头文件</Filter>
    </ClInclude>
    <ClInclude Include="..\..\include\cJSON.h">
      <Filter>头文件</Filter>
    </ClInclude>
    <ClInclude Include="..\..\include\Comm_data_motor3.h">
      <Filter>头文件</Filter>
    </ClInclude>
    <ClInclude Include="..\..\include\SerialCom.h">
      <Filter>头文件</Filter>
    </ClInclude>
    <ClInclude Include="..\..\include\Comm_data_star.h">
      <Filter>头文件</Filter>
    </ClInclude>
    <ClInclude Include="..\..\include\UPURG.h">
      <Filter>头文件</Filter>
    </ClInclude>
    <ClInclude Include="..\..\include\vfh_algorithm.h">
      <Filter>头文件</Filter>
    </ClInclude>
    <ClInclude Include="..\..\include\Plan_Path_VFH.h">
      <Filter>头文件</Filter>
    </ClInclude>
    <ClInclude Include="..\..\src\Voice.h">
      <Filter>头文件</Filter>
    </ClInclude>
    <ClInclude Include="..\..\src\EasySize.h">
      <Filter>头文件</Filter>
    </ClInclude>
  </ItemGroup>
</Project>